
Microsoft Visual Studio Solution File, Format Version 11.00
# Visual Studio 2010
Project("{FAE04EC0-301F-11D3-BF4B-00C04F79EFBC}") = "UnityEngine.UI", "UnityEngine.UI.csproj", "{c8057c83-ee61-4f18-97f0-bd174dbca943}"
EndProject
Project("{FAE04EC0-301F-11D3-BF4B-00C04F79EFBC}") = "UnityEngine.TestRunner", "UnityEngine.TestRunner.csproj", "{21a1bf68-e27e-7a0a-6604-1c44689c4173}"
EndProject
Project("{FAE04EC0-301F-11D3-BF4B-00C04F79EFBC}") = "Unity.Mathematics", "Unity.Mathematics.csproj", "{4eba6adf-8cc3-8bc6-cdee-3296aeec12e2}"
EndProject
Project("{FAE04EC0-301F-11D3-BF4B-00C04F79EFBC}") = "Unity.InputSystem", "Unity.InputSystem.csproj", "{28bc3df8-7e10-1dfa-cd4d-f2bacc84cf79}"
EndProject
Project("{FAE04EC0-301F-11D3-BF4B-00C04F79EFBC}") = "Unity.2D.Animation.Triangle.Runtime", "Unity.2D.Animation.Triangle.Runtime.csproj", "{d41965d7-99e0-469a-b6c1-8723c976bf5d}"
EndProject
Project("{FAE04EC0-301F-11D3-BF4B-00C04F79EFBC}") = "Unity.Timeline", "Unity.Timeline.csproj", "{a92c86af-609f-9586-5517-431ba1a8259a}"
EndProject
Project("{FAE04EC0-301F-11D3-BF4B-00C04F79EFBC}") = "Unity.TextMeshPro", "Unity.TextMeshPro.csproj", "{d3c60fc0-2af8-9a7d-0278-0f017c111d06}"
EndProject
Project("{FAE04EC0-301F-11D3-BF4B-00C04F79EFBC}") = "Assembly-CSharp", "Assembly-CSharp.csproj", "{9826e7c5-72eb-609c-f0cc-52d060834e4d}"
EndProject
Project("{FAE04EC0-301F-11D3-BF4B-00C04F79EFBC}") = "Unity.2D.Animation.Runtime", "Unity.2D.Animation.Runtime.csproj", "{40c0a54b-d49e-b9fc-d39b-69ee7dcb84ff}"
EndProject
Project("{FAE04EC0-301F-11D3-BF4B-00C04F79EFBC}") = "Unity.2D.IK.Runtime", "Unity.2D.IK.Runtime.csproj", "{30f0ed89-3486-9b46-b116-d056204d4a25}"
EndProject
Project("{FAE04EC0-301F-11D3-BF4B-00C04F79EFBC}") = "Unity.2D.SpriteShape.Runtime", "Unity.2D.SpriteShape.Runtime.csproj", "{ef5af4f6-9f0e-25ef-c1cc-934b1ac09511}"
EndProject
Project("{FAE04EC0-301F-11D3-BF4B-00C04F79EFBC}") = "Unity.2D.PixelPerfect", "Unity.2D.PixelPerfect.csproj", "{a211e12d-5f47-a317-1f5f-70da7a2e977e}"
EndProject
Project("{FAE04EC0-301F-11D3-BF4B-00C04F79EFBC}") = "Unity.2D.Common.Runtime", "Unity.2D.Common.Runtime.csproj", "{900e22b1-a3e7-682d-3bc6-c16ba049ba09}"
EndProject
Project("{FAE04EC0-301F-11D3-BF4B-00C04F79EFBC}") = "Unity.InternalAPIEngineBridge.001", "Unity.InternalAPIEngineBridge.001.csproj", "{e654c0a2-0f86-dec7-f0a1-e780dc865d6b}"
EndProject
Project("{FAE04EC0-301F-11D3-BF4B-00C04F79EFBC}") = "Unity.Timeline.Editor", "Unity.Timeline.Editor.csproj", "{2e107efb-b2e9-7b8b-d4b4-329732939182}"
EndProject
Project("{FAE04EC0-301F-11D3-BF4B-00C04F79EFBC}") = "Unity.TextMeshPro.Editor", "Unity.TextMeshPro.Editor.csproj", "{89d6b4ea-3407-f9f4-be2f-c50e5a3d6e07}"
EndProject
Project("{FAE04EC0-301F-11D3-BF4B-00C04F79EFBC}") = "Unity.2D.Animation.Editor", "Unity.2D.Animation.Editor.csproj", "{0e2d3897-4c74-ce79-885a-1f29a0bc72a4}"
EndProject
Project("{FAE04EC0-301F-11D3-BF4B-00C04F79EFBC}") = "UnityEditor.TestRunner", "UnityEditor.TestRunner.csproj", "{d47898bb-120f-574f-5b20-bde7ca33b1e6}"
EndProject
Project("{FAE04EC0-301F-11D3-BF4B-00C04F79EFBC}") = "UnityEditor.UI", "UnityEditor.UI.csproj", "{b1455149-1147-5644-bb79-9ca49a6ae3ba}"
EndProject
Project("{FAE04EC0-301F-11D3-BF4B-00C04F79EFBC}") = "Unity.VisualStudio.Editor", "Unity.VisualStudio.Editor.csproj", "{7bb36573-4f7c-dbcc-bd01-36ae43c2d692}"
EndProject
Project("{FAE04EC0-301F-11D3-BF4B-00C04F79EFBC}") = "Unity.2D.Psdimporter.Editor", "Unity.2D.Psdimporter.Editor.csproj", "{880f9078-dbb6-4060-6e70-10c6a82e9376}"
EndProject
Project("{FAE04EC0-301F-11D3-BF4B-00C04F79EFBC}") = "Unity.2D.SpriteShape.Editor", "Unity.2D.SpriteShape.Editor.csproj", "{b58b9034-11b5-d1aa-7280-ed2bcf6bb0b6}"
EndProject
Project("{FAE04EC0-301F-11D3-BF4B-00C04F79EFBC}") = "Unity.CollabProxy.Editor", "Unity.CollabProxy.Editor.csproj", "{465cfbd6-efaa-c5dc-0c12-c6e2ee212024}"
EndProject
Project("{FAE04EC0-301F-11D3-BF4B-00C04F79EFBC}") = "PsdPlugin", "PsdPlugin.csproj", "{28c0a107-88c9-c914-614a-e6b647027bc6}"
EndProject
Project("{FAE04EC0-301F-11D3-BF4B-00C04F79EFBC}") = "Unity.2D.Path.Editor", "Unity.2D.Path.Editor.csproj", "{3090382c-fd03-d589-0cf2-e68a91685044}"
EndProject
Project("{FAE04EC0-301F-11D3-BF4B-00C04F79EFBC}") = "Unity.Rider.Editor", "Unity.Rider.Editor.csproj", "{5e83cb61-19c1-2280-7472-f742e85f57f1}"
EndProject
Project("{FAE04EC0-301F-11D3-BF4B-00C04F79EFBC}") = "Unity.2D.IK.Editor", "Unity.2D.IK.Editor.csproj", "{50ebaeb6-c656-8fb7-0387-65029b950f08}"
EndProject
Project("{FAE04EC0-301F-11D3-BF4B-00C04F79EFBC}") = "Unity.2D.Sprite.Editor", "Unity.2D.Sprite.Editor.csproj", "{04f95791-865a-0b55-65b3-e621fe1a0bdc}"
EndProject
Project("{FAE04EC0-301F-11D3-BF4B-00C04F79EFBC}") = "Unity.2D.Tilemap.Editor", "Unity.2D.Tilemap.Editor.csproj", "{55719306-5573-7b1f-ce83-baa2c8508dbc}"
EndProject
Project("{FAE04EC0-301F-11D3-BF4B-00C04F79EFBC}") = "Unity.2D.PixelPerfect.Editor", "Unity.2D.PixelPerfect.Editor.csproj", "{d3436bd5-06a0-0a18-f75f-0e1001f455aa}"
EndProject
Project("{FAE04EC0-301F-11D3-BF4B-00C04F79EFBC}") = "Unity.VSCode.Editor", "Unity.VSCode.Editor.csproj", "{d03464c8-76d2-20a2-ed61-c4f7e026e2dd}"
EndProject
Project("{FAE04EC0-301F-11D3-BF4B-00C04F79EFBC}") = "Unity.2D.Common.Editor", "Unity.2D.Common.Editor.csproj", "{e02d547a-5d38-a337-da76-8841375baa50}"
EndProject
Project("{FAE04EC0-301F-11D3-BF4B-00C04F79EFBC}") = "Unity.Mathematics.Editor", "Unity.Mathematics.Editor.csproj", "{bad44d3c-bdc0-78df-3a89-5a7cf57d89d7}"
EndProject
Project("{FAE04EC0-301F-11D3-BF4B-00C04F79EFBC}") = "Unity.InternalAPIEditorBridge.001", "Unity.InternalAPIEditorBridge.001.csproj", "{80e4019e-58bd-7302-48b8-f32925f1715b}"
EndProject
Project("{FAE04EC0-301F-11D3-BF4B-00C04F79EFBC}") = "UnityEngine.UI", "UnityEngine.UI.Player.csproj", "{eb3650f0-a699-db6e-abe2-81597da9d99e}"
EndProject
Project("{FAE04EC0-301F-11D3-BF4B-00C04F79EFBC}") = "UnityEngine.TestRunner", "UnityEngine.TestRunner.Player.csproj", "{589ddd31-e139-cc7d-df5b-9f91ea68ec0f}"
EndProject
Project("{FAE04EC0-301F-11D3-BF4B-00C04F79EFBC}") = "Unity.Mathematics", "Unity.Mathematics.Player.csproj", "{2cba50d9-3cc4-6a7b-49d9-3df2d3586258}"
EndProject
Project("{FAE04EC0-301F-11D3-BF4B-00C04F79EFBC}") = "Unity.InputSystem", "Unity.InputSystem.Player.csproj", "{011bc4b9-ee2b-9b97-aeb9-c924b32224ce}"
EndProject
Project("{FAE04EC0-301F-11D3-BF4B-00C04F79EFBC}") = "Unity.2D.Animation.Triangle.Runtime", "Unity.2D.Animation.Triangle.Runtime.Player.csproj", "{8b934c34-ccf2-d210-87ce-683cc6d47f2e}"
EndProject
Project("{FAE04EC0-301F-11D3-BF4B-00C04F79EFBC}") = "Unity.Timeline", "Unity.Timeline.Player.csproj", "{b45ba596-44cd-5bea-dcc1-b432b7be58f8}"
EndProject
Project("{FAE04EC0-301F-11D3-BF4B-00C04F79EFBC}") = "Unity.TextMeshPro", "Unity.TextMeshPro.Player.csproj", "{9dbe8675-aa3d-30d4-70fd-202ad2d8071f}"
EndProject
Project("{FAE04EC0-301F-11D3-BF4B-00C04F79EFBC}") = "Assembly-CSharp", "Assembly-CSharp.Player.csproj", "{6184d9d4-03e1-d678-963a-8f18e83beeae}"
EndProject
Project("{FAE04EC0-301F-11D3-BF4B-00C04F79EFBC}") = "Unity.2D.Animation.Runtime", "Unity.2D.Animation.Runtime.Player.csproj", "{fefe5973-f8af-9837-1827-8a22d38e0495}"
EndProject
Project("{FAE04EC0-301F-11D3-BF4B-00C04F79EFBC}") = "Unity.2D.IK.Runtime", "Unity.2D.IK.Runtime.Player.csproj", "{592df0ec-eae5-1d60-d295-8a331227bc26}"
EndProject
Project("{FAE04EC0-301F-11D3-BF4B-00C04F79EFBC}") = "Unity.2D.SpriteShape.Runtime", "Unity.2D.SpriteShape.Runtime.Player.csproj", "{d308268e-bd00-36b7-7932-abb44d157d97}"
EndProject
Project("{FAE04EC0-301F-11D3-BF4B-00C04F79EFBC}") = "Unity.2D.PixelPerfect", "Unity.2D.PixelPerfect.Player.csproj", "{e5eb4d5f-63a4-7e25-ce63-68d2cae77fa6}"
EndProject
Project("{FAE04EC0-301F-11D3-BF4B-00C04F79EFBC}") = "Unity.2D.Common.Runtime", "Unity.2D.Common.Runtime.Player.csproj", "{e36eea14-1d58-30c6-c4f2-c161b327f123}"
EndProject
Project("{FAE04EC0-301F-11D3-BF4B-00C04F79EFBC}") = "Unity.InternalAPIEngineBridge.001", "Unity.InternalAPIEngineBridge.001.Player.csproj", "{40b8e620-e188-40f6-402f-2922e5c53ce3}"
EndProject
Global
	GlobalSection(SolutionConfigurationPlatforms) = preSolution
		Debug|Any CPU = Debug|Any CPU
		Release|Any CPU = Release|Any CPU
	EndGlobalSection
	GlobalSection(ProjectConfigurationPlatforms) = postSolution
		{c8057c83-ee61-4f18-97f0-bd174dbca943}.Debug|Any CPU.ActiveCfg = Debug|Any CPU
		{c8057c83-ee61-4f18-97f0-bd174dbca943}.Debug|Any CPU.Build.0 = Debug|Any CPU
		{c8057c83-ee61-4f18-97f0-bd174dbca943}.Release|Any CPU.ActiveCfg = Release|Any CPU
		{c8057c83-ee61-4f18-97f0-bd174dbca943}.Release|Any CPU.Build.0 = Release|Any CPU
		{21a1bf68-e27e-7a0a-6604-1c44689c4173}.Debug|Any CPU.ActiveCfg = Debug|Any CPU
		{21a1bf68-e27e-7a0a-6604-1c44689c4173}.Debug|Any CPU.Build.0 = Debug|Any CPU
		{21a1bf68-e27e-7a0a-6604-1c44689c4173}.Release|Any CPU.ActiveCfg = Release|Any CPU
		{21a1bf68-e27e-7a0a-6604-1c44689c4173}.Release|Any CPU.Build.0 = Release|Any CPU
		{4eba6adf-8cc3-8bc6-cdee-3296aeec12e2}.Debug|Any CPU.ActiveCfg = Debug|Any CPU
		{4eba6adf-8cc3-8bc6-cdee-3296aeec12e2}.Debug|Any CPU.Build.0 = Debug|Any CPU
		{4eba6adf-8cc3-8bc6-cdee-3296aeec12e2}.Release|Any CPU.ActiveCfg = Release|Any CPU
		{4eba6adf-8cc3-8bc6-cdee-3296aeec12e2}.Release|Any CPU.Build.0 = Release|Any CPU
		{28bc3df8-7e10-1dfa-cd4d-f2bacc84cf79}.Debug|Any CPU.ActiveCfg = Debug|Any CPU
		{28bc3df8-7e10-1dfa-cd4d-f2bacc84cf79}.Debug|Any CPU.Build.0 = Debug|Any CPU
		{28bc3df8-7e10-1dfa-cd4d-f2bacc84cf79}.Release|Any CPU.ActiveCfg = Release|Any CPU
		{28bc3df8-7e10-1dfa-cd4d-f2bacc84cf79}.Release|Any CPU.Build.0 = Release|Any CPU
		{d41965d7-99e0-469a-b6c1-8723c976bf5d}.Debug|Any CPU.ActiveCfg = Debug|Any CPU
		{d41965d7-99e0-469a-b6c1-8723c976bf5d}.Debug|Any CPU.Build.0 = Debug|Any CPU
		{d41965d7-99e0-469a-b6c1-8723c976bf5d}.Release|Any CPU.ActiveCfg = Release|Any CPU
		{d41965d7-99e0-469a-b6c1-8723c976bf5d}.Release|Any CPU.Build.0 = Release|Any CPU
		{a92c86af-609f-9586-5517-431ba1a8259a}.Debug|Any CPU.ActiveCfg = Debug|Any CPU
		{a92c86af-609f-9586-5517-431ba1a8259a}.Debug|Any CPU.Build.0 = Debug|Any CPU
		{a92c86af-609f-9586-5517-431ba1a8259a}.Release|Any CPU.ActiveCfg = Release|Any CPU
		{a92c86af-609f-9586-5517-431ba1a8259a}.Release|Any CPU.Build.0 = Release|Any CPU
		{d3c60fc0-2af8-9a7d-0278-0f017c111d06}.Debug|Any CPU.ActiveCfg = Debug|Any CPU
		{d3c60fc0-2af8-9a7d-0278-0f017c111d06}.Debug|Any CPU.Build.0 = Debug|Any CPU
		{d3c60fc0-2af8-9a7d-0278-0f017c111d06}.Release|Any CPU.ActiveCfg = Release|Any CPU
		{d3c60fc0-2af8-9a7d-0278-0f017c111d06}.Release|Any CPU.Build.0 = Release|Any CPU
		{9826e7c5-72eb-609c-f0cc-52d060834e4d}.Debug|Any CPU.ActiveCfg = Debug|Any CPU
		{9826e7c5-72eb-609c-f0cc-52d060834e4d}.Debug|Any CPU.Build.0 = Debug|Any CPU
		{9826e7c5-72eb-609c-f0cc-52d060834e4d}.Release|Any CPU.ActiveCfg = Release|Any CPU
		{9826e7c5-72eb-609c-f0cc-52d060834e4d}.Release|Any CPU.Build.0 = Release|Any CPU
		{40c0a54b-d49e-b9fc-d39b-69ee7dcb84ff}.Debug|Any CPU.ActiveCfg = Debug|Any CPU
		{40c0a54b-d49e-b9fc-d39b-69ee7dcb84ff}.Debug|Any CPU.Build.0 = Debug|Any CPU
		{40c0a54b-d49e-b9fc-d39b-69ee7dcb84ff}.Release|Any CPU.ActiveCfg = Release|Any CPU
		{40c0a54b-d49e-b9fc-d39b-69ee7dcb84ff}.Release|Any CPU.Build.0 = Release|Any CPU
		{30f0ed89-3486-9b46-b116-d056204d4a25}.Debug|Any CPU.ActiveCfg = Debug|Any CPU
		{30f0ed89-3486-9b46-b116-d056204d4a25}.Debug|Any CPU.Build.0 = Debug|Any CPU
		{30f0ed89-3486-9b46-b116-d056204d4a25}.Release|Any CPU.ActiveCfg = Release|Any CPU
		{30f0ed89-3486-9b46-b116-d056204d4a25}.Release|Any CPU.Build.0 = Release|Any CPU
		{ef5af4f6-9f0e-25ef-c1cc-934b1ac09511}.Debug|Any CPU.ActiveCfg = Debug|Any CPU
		{ef5af4f6-9f0e-25ef-c1cc-934b1ac09511}.Debug|Any CPU.Build.0 = Debug|Any CPU
		{ef5af4f6-9f0e-25ef-c1cc-934b1ac09511}.Release|Any CPU.ActiveCfg = Release|Any CPU
		{ef5af4f6-9f0e-25ef-c1cc-934b1ac09511}.Release|Any CPU.Build.0 = Release|Any CPU
		{a211e12d-5f47-a317-1f5f-70da7a2e977e}.Debug|Any CPU.ActiveCfg = Debug|Any CPU
		{a211e12d-5f47-a317-1f5f-70da7a2e977e}.Debug|Any CPU.Build.0 = Debug|Any CPU
		{a211e12d-5f47-a317-1f5f-70da7a2e977e}.Release|Any CPU.ActiveCfg = Release|Any CPU
		{a211e12d-5f47-a317-1f5f-70da7a2e977e}.Release|Any CPU.Build.0 = Release|Any CPU
		{900e22b1-a3e7-682d-3bc6-c16ba049ba09}.Debug|Any CPU.ActiveCfg = Debug|Any CPU
		{900e22b1-a3e7-682d-3bc6-c16ba049ba09}.Debug|Any CPU.Build.0 = Debug|Any CPU
		{900e22b1-a3e7-682d-3bc6-c16ba049ba09}.Release|Any CPU.ActiveCfg = Release|Any CPU
		{900e22b1-a3e7-682d-3bc6-c16ba049ba09}.Release|Any CPU.Build.0 = Release|Any CPU
		{e654c0a2-0f86-dec7-f0a1-e780dc865d6b}.Debug|Any CPU.ActiveCfg = Debug|Any CPU
		{e654c0a2-0f86-dec7-f0a1-e780dc865d6b}.Debug|Any CPU.Build.0 = Debug|Any CPU
		{e654c0a2-0f86-dec7-f0a1-e780dc865d6b}.Release|Any CPU.ActiveCfg = Release|Any CPU
		{e654c0a2-0f86-dec7-f0a1-e780dc865d6b}.Release|Any CPU.Build.0 = Release|Any CPU
		{2e107efb-b2e9-7b8b-d4b4-329732939182}.Debug|Any CPU.ActiveCfg = Debug|Any CPU
		{2e107efb-b2e9-7b8b-d4b4-329732939182}.Debug|Any CPU.Build.0 = Debug|Any CPU
		{2e107efb-b2e9-7b8b-d4b4-329732939182}.Release|Any CPU.ActiveCfg = Release|Any CPU
		{2e107efb-b2e9-7b8b-d4b4-329732939182}.Release|Any CPU.Build.0 = Release|Any CPU
		{89d6b4ea-3407-f9f4-be2f-c50e5a3d6e07}.Debug|Any CPU.ActiveCfg = Debug|Any CPU
		{89d6b4ea-3407-f9f4-be2f-c50e5a3d6e07}.Debug|Any CPU.Build.0 = Debug|Any CPU
		{89d6b4ea-3407-f9f4-be2f-c50e5a3d6e07}.Release|Any CPU.ActiveCfg = Release|Any CPU
		{89d6b4ea-3407-f9f4-be2f-c50e5a3d6e07}.Release|Any CPU.Build.0 = Release|Any CPU
		{0e2d3897-4c74-ce79-885a-1f29a0bc72a4}.Debug|Any CPU.ActiveCfg = Debug|Any CPU
		{0e2d3897-4c74-ce79-885a-1f29a0bc72a4}.Debug|Any CPU.Build.0 = Debug|Any CPU
		{0e2d3897-4c74-ce79-885a-1f29a0bc72a4}.Release|Any CPU.ActiveCfg = Release|Any CPU
		{0e2d3897-4c74-ce79-885a-1f29a0bc72a4}.Release|Any CPU.Build.0 = Release|Any CPU
		{d47898bb-120f-574f-5b20-bde7ca33b1e6}.Debug|Any CPU.ActiveCfg = Debug|Any CPU
		{d47898bb-120f-574f-5b20-bde7ca33b1e6}.Debug|Any CPU.Build.0 = Debug|Any CPU
		{d47898bb-120f-574f-5b20-bde7ca33b1e6}.Release|Any CPU.ActiveCfg = Release|Any CPU
		{d47898bb-120f-574f-5b20-bde7ca33b1e6}.Release|Any CPU.Build.0 = Release|Any CPU
		{b1455149-1147-5644-bb79-9ca49a6ae3ba}.Debug|Any CPU.ActiveCfg = Debug|Any CPU
		{b1455149-1147-5644-bb79-9ca49a6ae3ba}.Debug|Any CPU.Build.0 = Debug|Any CPU
		{b1455149-1147-5644-bb79-9ca49a6ae3ba}.Release|Any CPU.ActiveCfg = Release|Any CPU
		{b1455149-1147-5644-bb79-9ca49a6ae3ba}.Release|Any CPU.Build.0 = Release|Any CPU
		{7bb36573-4f7c-dbcc-bd01-36ae43c2d692}.Debug|Any CPU.ActiveCfg = Debug|Any CPU
		{7bb36573-4f7c-dbcc-bd01-36ae43c2d692}.Debug|Any CPU.Build.0 = Debug|Any CPU
		{7bb36573-4f7c-dbcc-bd01-36ae43c2d692}.Release|Any CPU.ActiveCfg = Release|Any CPU
		{7bb36573-4f7c-dbcc-bd01-36ae43c2d692}.Release|Any CPU.Build.0 = Release|Any CPU
		{880f9078-dbb6-4060-6e70-10c6a82e9376}.Debug|Any CPU.ActiveCfg = Debug|Any CPU
		{880f9078-dbb6-4060-6e70-10c6a82e9376}.Debug|Any CPU.Build.0 = Debug|Any CPU
		{880f9078-dbb6-4060-6e70-10c6a82e9376}.Release|Any CPU.ActiveCfg = Release|Any CPU
		{880f9078-dbb6-4060-6e70-10c6a82e9376}.Release|Any CPU.Build.0 = Release|Any CPU
		{b58b9034-11b5-d1aa-7280-ed2bcf6bb0b6}.Debug|Any CPU.ActiveCfg = Debug|Any CPU
		{b58b9034-11b5-d1aa-7280-ed2bcf6bb0b6}.Debug|Any CPU.Build.0 = Debug|Any CPU
		{b58b9034-11b5-d1aa-7280-ed2bcf6bb0b6}.Release|Any CPU.ActiveCfg = Release|Any CPU
		{b58b9034-11b5-d1aa-7280-ed2bcf6bb0b6}.Release|Any CPU.Build.0 = Release|Any CPU
		{465cfbd6-efaa-c5dc-0c12-c6e2ee212024}.Debug|Any CPU.ActiveCfg = Debug|Any CPU
		{465cfbd6-efaa-c5dc-0c12-c6e2ee212024}.Debug|Any CPU.Build.0 = Debug|Any CPU
		{465cfbd6-efaa-c5dc-0c12-c6e2ee212024}.Release|Any CPU.ActiveCfg = Release|Any CPU
		{465cfbd6-efaa-c5dc-0c12-c6e2ee212024}.Release|Any CPU.Build.0 = Release|Any CPU
		{28c0a107-88c9-c914-614a-e6b647027bc6}.Debug|Any CPU.ActiveCfg = Debug|Any CPU
		{28c0a107-88c9-c914-614a-e6b647027bc6}.Debug|Any CPU.Build.0 = Debug|Any CPU
		{28c0a107-88c9-c914-614a-e6b647027bc6}.Release|Any CPU.ActiveCfg = Release|Any CPU
		{28c0a107-88c9-c914-614a-e6b647027bc6}.Release|Any CPU.Build.0 = Release|Any CPU
		{3090382c-fd03-d589-0cf2-e68a91685044}.Debug|Any CPU.ActiveCfg = Debug|Any CPU
		{3090382c-fd03-d589-0cf2-e68a91685044}.Debug|Any CPU.Build.0 = Debug|Any CPU
		{3090382c-fd03-d589-0cf2-e68a91685044}.Release|Any CPU.ActiveCfg = Release|Any CPU
		{3090382c-fd03-d589-0cf2-e68a91685044}.Release|Any CPU.Build.0 = Release|Any CPU
		{5e83cb61-19c1-2280-7472-f742e85f57f1}.Debug|Any CPU.ActiveCfg = Debug|Any CPU
		{5e83cb61-19c1-2280-7472-f742e85f57f1}.Debug|Any CPU.Build.0 = Debug|Any CPU
		{5e83cb61-19c1-2280-7472-f742e85f57f1}.Release|Any CPU.ActiveCfg = Release|Any CPU
		{5e83cb61-19c1-2280-7472-f742e85f57f1}.Release|Any CPU.Build.0 = Release|Any CPU
		{50ebaeb6-c656-8fb7-0387-65029b950f08}.Debug|Any CPU.ActiveCfg = Debug|Any CPU
		{50ebaeb6-c656-8fb7-0387-65029b950f08}.Debug|Any CPU.Build.0 = Debug|Any CPU
		{50ebaeb6-c656-8fb7-0387-65029b950f08}.Release|Any CPU.ActiveCfg = Release|Any CPU
		{50ebaeb6-c656-8fb7-0387-65029b950f08}.Release|Any CPU.Build.0 = Release|Any CPU
		{04f95791-865a-0b55-65b3-e621fe1a0bdc}.Debug|Any CPU.ActiveCfg = Debug|Any CPU
		{04f95791-865a-0b55-65b3-e621fe1a0bdc}.Debug|Any CPU.Build.0 = Debug|Any CPU
		{04f95791-865a-0b55-65b3-e621fe1a0bdc}.Release|Any CPU.ActiveCfg = Release|Any CPU
		{04f95791-865a-0b55-65b3-e621fe1a0bdc}.Release|Any CPU.Build.0 = Release|Any CPU
		{55719306-5573-7b1f-ce83-baa2c8508dbc}.Debug|Any CPU.ActiveCfg = Debug|Any CPU
		{55719306-5573-7b1f-ce83-baa2c8508dbc}.Debug|Any CPU.Build.0 = Debug|Any CPU
		{55719306-5573-7b1f-ce83-baa2c8508dbc}.Release|Any CPU.ActiveCfg = Release|Any CPU
		{55719306-5573-7b1f-ce83-baa2c8508dbc}.Release|Any CPU.Build.0 = Release|Any CPU
		{d3436bd5-06a0-0a18-f75f-0e1001f455aa}.Debug|Any CPU.ActiveCfg = Debug|Any CPU
		{d3436bd5-06a0-0a18-f75f-0e1001f455aa}.Debug|Any CPU.Build.0 = Debug|Any CPU
		{d3436bd5-06a0-0a18-f75f-0e1001f455aa}.Release|Any CPU.ActiveCfg = Release|Any CPU
		{d3436bd5-06a0-0a18-f75f-0e1001f455aa}.Release|Any CPU.Build.0 = Release|Any CPU
		{d03464c8-76d2-20a2-ed61-c4f7e026e2dd}.Debug|Any CPU.ActiveCfg = Debug|Any CPU
		{d03464c8-76d2-20a2-ed61-c4f7e026e2dd}.Debug|Any CPU.Build.0 = Debug|Any CPU
		{d03464c8-76d2-20a2-ed61-c4f7e026e2dd}.Release|Any CPU.ActiveCfg = Release|Any CPU
		{d03464c8-76d2-20a2-ed61-c4f7e026e2dd}.Release|Any CPU.Build.0 = Release|Any CPU
		{e02d547a-5d38-a337-da76-8841375baa50}.Debug|Any CPU.ActiveCfg = Debug|Any CPU
		{e02d547a-5d38-a337-da76-8841375baa50}.Debug|Any CPU.Build.0 = Debug|Any CPU
		{e02d547a-5d38-a337-da76-8841375baa50}.Release|Any CPU.ActiveCfg = Release|Any CPU
		{e02d547a-5d38-a337-da76-8841375baa50}.Release|Any CPU.Build.0 = Release|Any CPU
		{bad44d3c-bdc0-78df-3a89-5a7cf57d89d7}.Debug|Any CPU.ActiveCfg = Debug|Any CPU
		{bad44d3c-bdc0-78df-3a89-5a7cf57d89d7}.Debug|Any CPU.Build.0 = Debug|Any CPU
		{bad44d3c-bdc0-78df-3a89-5a7cf57d89d7}.Release|Any CPU.ActiveCfg = Release|Any CPU
		{bad44d3c-bdc0-78df-3a89-5a7cf57d89d7}.Release|Any CPU.Build.0 = Release|Any CPU
		{80e4019e-58bd-7302-48b8-f32925f1715b}.Debug|Any CPU.ActiveCfg = Debug|Any CPU
		{80e4019e-58bd-7302-48b8-f32925f1715b}.Debug|Any CPU.Build.0 = Debug|Any CPU
		{80e4019e-58bd-7302-48b8-f32925f1715b}.Release|Any CPU.ActiveCfg = Release|Any CPU
		{80e4019e-58bd-7302-48b8-f32925f1715b}.Release|Any CPU.Build.0 = Release|Any CPU
		{eb3650f0-a699-db6e-abe2-81597da9d99e}.Debug|Any CPU.ActiveCfg = Debug|Any CPU
		{eb3650f0-a699-db6e-abe2-81597da9d99e}.Debug|Any CPU.Build.0 = Debug|Any CPU
		{eb3650f0-a699-db6e-abe2-81597da9d99e}.Release|Any CPU.ActiveCfg = Release|Any CPU
		{eb3650f0-a699-db6e-abe2-81597da9d99e}.Release|Any CPU.Build.0 = Release|Any CPU
		{589ddd31-e139-cc7d-df5b-9f91ea68ec0f}.Debug|Any CPU.ActiveCfg = Debug|Any CPU
		{589ddd31-e139-cc7d-df5b-9f91ea68ec0f}.Debug|Any CPU.Build.0 = Debug|Any CPU
		{589ddd31-e139-cc7d-df5b-9f91ea68ec0f}.Release|Any CPU.ActiveCfg = Release|Any CPU
		{589ddd31-e139-cc7d-df5b-9f91ea68ec0f}.Release|Any CPU.Build.0 = Release|Any CPU
		{2cba50d9-3cc4-6a7b-49d9-3df2d3586258}.Debug|Any CPU.ActiveCfg = Debug|Any CPU
		{2cba50d9-3cc4-6a7b-49d9-3df2d3586258}.Debug|Any CPU.Build.0 = Debug|Any CPU
		{2cba50d9-3cc4-6a7b-49d9-3df2d3586258}.Release|Any CPU.ActiveCfg = Release|Any CPU
		{2cba50d9-3cc4-6a7b-49d9-3df2d3586258}.Release|Any CPU.Build.0 = Release|Any CPU
		{011bc4b9-ee2b-9b97-aeb9-c924b32224ce}.Debug|Any CPU.ActiveCfg = Debug|Any CPU
		{011bc4b9-ee2b-9b97-aeb9-c924b32224ce}.Debug|Any CPU.Build.0 = Debug|Any CPU
		{011bc4b9-ee2b-9b97-aeb9-c924b32224ce}.Release|Any CPU.ActiveCfg = Release|Any CPU
		{011bc4b9-ee2b-9b97-aeb9-c924b32224ce}.Release|Any CPU.Build.0 = Release|Any CPU
		{8b934c34-ccf2-d210-87ce-683cc6d47f2e}.Debug|Any CPU.ActiveCfg = Debug|Any CPU
		{8b934c34-ccf2-d210-87ce-683cc6d47f2e}.Debug|Any CPU.Build.0 = Debug|Any CPU
		{8b934c34-ccf2-d210-87ce-683cc6d47f2e}.Release|Any CPU.ActiveCfg = Release|Any CPU
		{8b934c34-ccf2-d210-87ce-683cc6d47f2e}.Release|Any CPU.Build.0 = Release|Any CPU
		{b45ba596-44cd-5bea-dcc1-b432b7be58f8}.Debug|Any CPU.ActiveCfg = Debug|Any CPU
		{b45ba596-44cd-5bea-dcc1-b432b7be58f8}.Debug|Any CPU.Build.0 = Debug|Any CPU
		{b45ba596-44cd-5bea-dcc1-b432b7be58f8}.Release|Any CPU.ActiveCfg = Release|Any CPU
		{b45ba596-44cd-5bea-dcc1-b432b7be58f8}.Release|Any CPU.Build.0 = Release|Any CPU
		{9dbe8675-aa3d-30d4-70fd-202ad2d8071f}.Debug|Any CPU.ActiveCfg = Debug|Any CPU
		{9dbe8675-aa3d-30d4-70fd-202ad2d8071f}.Debug|Any CPU.Build.0 = Debug|Any CPU
		{9dbe8675-aa3d-30d4-70fd-202ad2d8071f}.Release|Any CPU.ActiveCfg = Release|Any CPU
		{9dbe8675-aa3d-30d4-70fd-202ad2d8071f}.Release|Any CPU.Build.0 = Release|Any CPU
		{6184d9d4-03e1-d678-963a-8f18e83beeae}.Debug|Any CPU.ActiveCfg = Debug|Any CPU
		{6184d9d4-03e1-d678-963a-8f18e83beeae}.Debug|Any CPU.Build.0 = Debug|Any CPU
		{6184d9d4-03e1-d678-963a-8f18e83beeae}.Release|Any CPU.ActiveCfg = Release|Any CPU
		{6184d9d4-03e1-d678-963a-8f18e83beeae}.Release|Any CPU.Build.0 = Release|Any CPU
		{fefe5973-f8af-9837-1827-8a22d38e0495}.Debug|Any CPU.ActiveCfg = Debug|Any CPU
		{fefe5973-f8af-9837-1827-8a22d38e0495}.Debug|Any CPU.Build.0 = Debug|Any CPU
		{fefe5973-f8af-9837-1827-8a22d38e0495}.Release|Any CPU.ActiveCfg = Release|Any CPU
		{fefe5973-f8af-9837-1827-8a22d38e0495}.Release|Any CPU.Build.0 = Release|Any CPU
		{592df0ec-eae5-1d60-d295-8a331227bc26}.Debug|Any CPU.ActiveCfg = Debug|Any CPU
		{592df0ec-eae5-1d60-d295-8a331227bc26}.Debug|Any CPU.Build.0 = Debug|Any CPU
		{592df0ec-eae5-1d60-d295-8a331227bc26}.Release|Any CPU.ActiveCfg = Release|Any CPU
		{592df0ec-eae5-1d60-d295-8a331227bc26}.Release|Any CPU.Build.0 = Release|Any CPU
		{d308268e-bd00-36b7-7932-abb44d157d97}.Debug|Any CPU.ActiveCfg = Debug|Any CPU
		{d308268e-bd00-36b7-7932-abb44d157d97}.Debug|Any CPU.Build.0 = Debug|Any CPU
		{d308268e-bd00-36b7-7932-abb44d157d97}.Release|Any CPU.ActiveCfg = Release|Any CPU
		{d308268e-bd00-36b7-7932-abb44d157d97}.Release|Any CPU.Build.0 = Release|Any CPU
		{e5eb4d5f-63a4-7e25-ce63-68d2cae77fa6}.Debug|Any CPU.ActiveCfg = Debug|Any CPU
		{e5eb4d5f-63a4-7e25-ce63-68d2cae77fa6}.Debug|Any CPU.Build.0 = Debug|Any CPU
		{e5eb4d5f-63a4-7e25-ce63-68d2cae77fa6}.Release|Any CPU.ActiveCfg = Release|Any CPU
		{e5eb4d5f-63a4-7e25-ce63-68d2cae77fa6}.Release|Any CPU.Build.0 = Release|Any CPU
		{e36eea14-1d58-30c6-c4f2-c161b327f123}.Debug|Any CPU.ActiveCfg = Debug|Any CPU
		{e36eea14-1d58-30c6-c4f2-c161b327f123}.Debug|Any CPU.Build.0 = Debug|Any CPU
		{e36eea14-1d58-30c6-c4f2-c161b327f123}.Release|Any CPU.ActiveCfg = Release|Any CPU
		{e36eea14-1d58-30c6-c4f2-c161b327f123}.Release|Any CPU.Build.0 = Release|Any CPU
		{40b8e620-e188-40f6-402f-2922e5c53ce3}.Debug|Any CPU.ActiveCfg = Debug|Any CPU
		{40b8e620-e188-40f6-402f-2922e5c53ce3}.Debug|Any CPU.Build.0 = Debug|Any CPU
		{40b8e620-e188-40f6-402f-2922e5c53ce3}.Release|Any CPU.ActiveCfg = Release|Any CPU
		{40b8e620-e188-40f6-402f-2922e5c53ce3}.Release|Any CPU.Build.0 = Release|Any CPU
	EndGlobalSection
	GlobalSection(SolutionProperties) = preSolution
		HideSolutionNode = FALSE
	EndGlobalSection
EndGlobal
